{
  "lockfileVersion": 1,
  "configVersion": 1,
  "workspaces": {
    "": {
      "name": "hugo-innocent-dreams",
      "dependencies": {
        "@coto-studio/botpoison-js": "^1.0.0",
      },
      "devDependencies": {
        "@types/bun": "latest",
      },
      "peerDependencies": {
        "typescript": "^5",
      },
    },
  },
  "packages": {
    "@botpoison/browser": ["@botpoison/browser@0.1.30", "", { "dependencies": { "js-sha512": "^0.8.0" } }, "sha512-hl+YoByBwBrNE0Hv/mwse9kAV6hAlq5qnwSlFhjnI/LkwOxNo1hOQ+x2UlopQ5QEIgxhxjndz9PwcMhFojEKfQ=="],

    "@coto-studio/botpoison-js": ["@coto-studio/botpoison-js@1.0.0", "https://npm.pkg.github.com/download/@coto-studio/botpoison-js/1.0.0/21f1b66b0e0054b6ecbdaee11ec3283e3e1f92fc", { "dependencies": { "@botpoison/browser": "^0.1.30" } }, "sha512-F/jJ9Hr0VGebZrpi2elfupb7MsUgzs5dytV9ECAjMWdQ3PL3Lsx8GLer6/69mSx0B8KzXt0LWdrnHuFgMigGzA=="],

    "@types/bun": ["@types/bun@1.3.3", "", { "dependencies": { "bun-types": "1.3.3" } }, "sha512-ogrKbJ2X5N0kWLLFKeytG0eHDleBYtngtlbu9cyBKFtNL3cnpDZkNdQj8flVf6WTZUX5ulI9AY1oa7ljhSrp+g=="],

    "@types/node": ["@types/node@24.10.1", "", { "dependencies": { "undici-types": "~7.16.0" } }, "sha512-GNWcUTRBgIRJD5zj+Tq0fKOJ5XZajIiBroOF0yvj2bSU1WvNdYS/dn9UxwsujGW4JX06dnHyjV2y9rRaybH0iQ=="],

    "bun-types": ["bun-types@1.3.3", "", { "dependencies": { "@types/node": "*" } }, "sha512-z3Xwlg7j2l9JY27x5Qn3Wlyos8YAp0kKRlrePAOjgjMGS5IG6E7Jnlx736vH9UVI4wUICwwhC9anYL++XeOgTQ=="],

    "js-sha512": ["js-sha512@0.8.0", "", {}, "sha512-PWsmefG6Jkodqt+ePTvBZCSMFgN7Clckjd0O7su3I0+BW2QWUTJNzjktHsztGLhncP2h8mcF9V9Y2Ha59pAViQ=="],

    "typescript": ["typescript@5.9.3", "", { "bin": { "tsc": "bin/tsc", "tsserver": "bin/tsserver" } }, "sha512-jl1vZzPDinLr9eUt3J/t7V6FgNEw9QjvBPdysz9KfQDD41fQrC2Y4vKQdiaUpFT4bXlb1RHhLpp8wtm6M5TgSw=="],

    "undici-types": ["undici-types@7.16.0", "", {}, "sha512-Zz+aZWSj8LE6zoxD+xrjh4VfkIG8Ya6LvYkZqtUQGJPZjYl53ypCaUwWqo7eI0x66KBGeRo+mlBEkMSeSZ38Nw=="],
  }
}
