github.com/lokesh/lightbox2 v2.11.3+incompatible h1:Xvd7KBDzCfhDMFLHvkdKzSl/iygLoCM3uJ7D0mI+zMw=
github.com/lokesh/lightbox2 v2.11.3+incompatible/go.mod h1:3LLX3SOBbUGOKArUx9UuNib6GXIs970Nl3UBhBAS/Zg=
github.com/lokesh/lightbox2 v2.11.5+incompatible h1:n1cB9aOIlzpXkgy/svMjlVOfHWElWn4Wbpt+Gq5dObY=
github.com/lokesh/lightbox2 v2.11.5+incompatible/go.mod h1:3LLX3SOBbUGOKArUx9UuNib6GXIs970Nl3UBhBAS/Zg=
